
Microsoft Visual Studio Solution File, Format Version 12.00
# Visual Studio Version 17
VisualStudioVersion = 17.2.32314.265
MinimumVisualStudioVersion = 10.0.40219.1
Project("{FAE04EC0-301F-11D3-BF4B-00C04F79EFBC}") = "BlazorBattles.Server", "BlazorBattles\Server\BlazorBattles.Server.csproj", "{C8C08C25-21F1-4356-B208-2F345CB832B2}"
EndProject
Project("{FAE04EC0-301F-11D3-BF4B-00C04F79EFBC}") = "BlazorBattles.Client", "BlazorBattles\Client\BlazorBattles.Client.csproj", "{EA937331-448A-477E-B3B9-4558E45DBD18}"
EndProject
Project("{FAE04EC0-301F-11D3-BF4B-00C04F79EFBC}") = "BlazorBattles.Shared", "BlazorBattles\Shared\BlazorBattles.Shared.csproj", "{2B684C33-EE6A-415A-BEC7-E54481050051}"
EndProject
Global
	GlobalSection(SolutionConfigurationPlatforms) = preSolution
		Debug|Any CPU = Debug|Any CPU
		Release|Any CPU = Release|Any CPU
	EndGlobalSection
	GlobalSection(ProjectConfigurationPlatforms) = postSolution
		{C8C08C25-21F1-4356-B208-2F345CB832B2}.Debug|Any CPU.ActiveCfg = Debug|Any CPU
		{C8C08C25-21F1-4356-B208-2F345CB832B2}.Debug|Any CPU.Build.0 = Debug|Any CPU
		{C8C08C25-21F1-4356-B208-2F345CB832B2}.Release|Any CPU.ActiveCfg = Release|Any CPU
		{C8C08C25-21F1-4356-B208-2F345CB832B2}.Release|Any CPU.Build.0 = Release|Any CPU
		{EA937331-448A-477E-B3B9-4558E45DBD18}.Debug|Any CPU.ActiveCfg = Debug|Any CPU
		{EA937331-448A-477E-B3B9-4558E45DBD18}.Debug|Any CPU.Build.0 = Debug|Any CPU
		{EA937331-448A-477E-B3B9-4558E45DBD18}.Release|Any CPU.ActiveCfg = Release|Any CPU
		{EA937331-448A-477E-B3B9-4558E45DBD18}.Release|Any CPU.Build.0 = Release|Any CPU
		{2B684C33-EE6A-415A-BEC7-E54481050051}.Debug|Any CPU.ActiveCfg = Debug|Any CPU
		{2B684C33-EE6A-415A-BEC7-E54481050051}.Debug|Any CPU.Build.0 = Debug|Any CPU
		{2B684C33-EE6A-415A-BEC7-E54481050051}.Release|Any CPU.ActiveCfg = Release|Any CPU
		{2B684C33-EE6A-415A-BEC7-E54481050051}.Release|Any CPU.Build.0 = Release|Any CPU
	EndGlobalSection
	GlobalSection(SolutionProperties) = preSolution
		HideSolutionNode = FALSE
	EndGlobalSection
	GlobalSection(ExtensibilityGlobals) = postSolution
		SolutionGuid = {17898767-5F69-4744-8CB6-2EF9CB4C5A3E}
	EndGlobalSection
EndGlobal
